
Microsoft Visual Studio Solution File, Format Version 12.00
# Visual Studio Version 17
VisualStudioVersion = 17.13.35825.156 d17.13
MinimumVisualStudioVersion = 10.0.40219.1
Project("{FAE04EC0-301F-11D3-BF4B-00C04F79EFBC}") = "MitsubishPlcToPC", "MitsubishPlcToPC.csproj", "{67C2BCDC-D988-43DD-8287-5F982592FD0D}"
EndProject
Global
	GlobalSection(SolutionConfigurationPlatforms) = preSolution
		Debug|Any CPU = Debug|Any CPU
		Release|Any CPU = Release|Any CPU
	EndGlobalSection
	GlobalSection(ProjectConfigurationPlatforms) = postSolution
		{67C2BCDC-D988-43DD-8287-5F982592FD0D}.Debug|Any CPU.ActiveCfg = Debug|Any CPU
		{67C2BCDC-D988-43DD-8287-5F982592FD0D}.Debug|Any CPU.Build.0 = Debug|Any CPU
		{67C2BCDC-D988-43DD-8287-5F982592FD0D}.Release|Any CPU.ActiveCfg = Release|Any CPU
		{67C2BCDC-D988-43DD-8287-5F982592FD0D}.Release|Any CPU.Build.0 = Release|Any CPU
	EndGlobalSection
	GlobalSection(SolutionProperties) = preSolution
		HideSolutionNode = FALSE
	EndGlobalSection
	GlobalSection(ExtensibilityGlobals) = postSolution
		SolutionGuid = {29E11617-E7A5-4F1D-8C46-58B79A7805C7}
	EndGlobalSection
EndGlobal
